
Microsoft Visual Studio Solution File, Format Version 12.00
# Visual Studio Version 17
VisualStudioVersion = 17.7.34221.43
MinimumVisualStudioVersion = 10.0.40219.1
Project("{FAE04EC0-301F-11D3-BF4B-00C04F79EFBC}") = "Assignment1day6", "Assignment1day6.csproj", "{CBF8F899-BB50-4247-999F-063EB0B6E995}"
EndProject
Global
	GlobalSection(SolutionConfigurationPlatforms) = preSolution
		Debug|Any CPU = Debug|Any CPU
		Release|Any CPU = Release|Any CPU
	EndGlobalSection
	GlobalSection(ProjectConfigurationPlatforms) = postSolution
		{CBF8F899-BB50-4247-999F-063EB0B6E995}.Debug|Any CPU.ActiveCfg = Debug|Any CPU
		{CBF8F899-BB50-4247-999F-063EB0B6E995}.Debug|Any CPU.Build.0 = Debug|Any CPU
		{CBF8F899-BB50-4247-999F-063EB0B6E995}.Release|Any CPU.ActiveCfg = Release|Any CPU
		{CBF8F899-BB50-4247-999F-063EB0B6E995}.Release|Any CPU.Build.0 = Release|Any CPU
	EndGlobalSection
	GlobalSection(SolutionProperties) = preSolution
		HideSolutionNode = FALSE
	EndGlobalSection
	GlobalSection(ExtensibilityGlobals) = postSolution
		SolutionGuid = {2A46D21F-3A41-4621-AB56-116C1F534BE4}
	EndGlobalSection
EndGlobal
